// !$*UTF8*$!
{
	archiveVersion = 1;
	classes = {
	};
	objectVersion = 77;
	objects = {

/* Begin PBXContainerItemProxy section */
		94AD13DC2F85BAE000ABB20D /* PBXContainerItemProxy */ = {
			isa = PBXContainerItemProxy;
			containerPortal = 94AD13C22F85BADF00ABB20D /* Project object */;
			proxyType = 1;
			remoteGlobalIDString = 94AD13C92F85BADF00ABB20D;
			remoteInfo = "computacao-para-meninas";
		};
		94AD13E62F85BAE000ABB20D /* PBXContainerItemProxy */ = {
			isa = PBXContainerItemProxy;
			containerPortal = 94AD13C22F85BADF00ABB20D /* Project object */;
			proxyType = 1;
			remoteGlobalIDString = 94AD13C92F85BADF00ABB20D;
			remoteInfo = "computacao-para-meninas";
		};
/* End PBXContainerItemProxy section */

/* Begin PBXFileReference section */
		94AD13CA2F85BADF00ABB20D /* computacao-para-meninas.app */ = {isa = PBXFileReference; explicitFileType = wrapper.application; includeInIndex = 0; path = "computacao-para-meninas.app"; sourceTree = BUILT_PRODUCTS_DIR; };
		94AD13DB2F85BAE000ABB20D /* computacao-para-meninasTests.xctest */ = {isa = PBXFileReference; explicitFileType = wrapper.cfbundle; includeInIndex = 0; path = "computacao-para-meninasTests.xctest"; sourceTree = BUILT_PRODUCTS_DIR; };
		94AD13E52F85BAE000ABB20D /* computacao-para-meninasUITests.xctest */ = {isa = PBXFileReference; explicitFileType = wrapper.cfbundle; includeInIndex = 0; path = "computacao-para-meninasUITests.xctest"; sourceTree = BUILT_PRODUCTS_DIR; };
/* End PBXFileReference section */

/* Begin PBXFileSystemSynchronizedBuildFileExceptionSet section */
		94AD13ED2F85BAE000ABB20D /* Exceptions for "computacao-para-meninas" folder in "computacao-para-meninas" target */ = {
			isa = PBXFileSystemSynchronizedBuildFileExceptionSet;
			membershipExceptions = (
				Info.plist,
			);
			target = 94AD13C92F85BADF00ABB20D /* computacao-para-meninas */;
		};
/* End PBXFileSystemSynchronizedBuildFileExceptionSet section */

/* Begin PBXFileSystemSynchronizedRootGroup section */
		94AD13CC2F85BADF00ABB20D /* computacao-para-meninas */ = {
			isa = PBXFileSystemSynchronizedRootGroup;
			exceptions = (
				94AD13ED2F85BAE000ABB20D /* Exceptions for "computacao-para-meninas" folder in "computacao-para-meninas" target */,
			);
			path = "computacao-para-meninas";
			sourceTree = "<group>";
		};
		94AD13DE2F85BAE000ABB20D /* computacao-para-meninasTests */ = {
			isa = PBXFileSystemSynchronizedRootGroup;
			path = "computacao-para-meninasTests";
			sourceTree = "<group>";
		};
		94AD13E82F85BAE000ABB20D /* computacao-para-meninasUITests */ = {
			isa = PBXFileSystemSynchronizedRootGroup;
			path = "computacao-para-meninasUITests";
			sourceTree = "<group>";
		};
/* End PBXFileSystemSynchronizedRootGroup section */

/* Begin PBXFrameworksBuildPhase section */
		94AD13C72F85BADF00ABB20D /* Frameworks */ = {
			isa = PBXFrameworksBuildPhase;
			buildActionMask = 2147483647;
			files = (
			);
			runOnlyForDeploymentPostprocessing = 0;
		};
		94AD13D82F85BAE000ABB20D /* Frameworks */ = {
			isa = PBXFrameworksBuildPhase;
			buildActionMask = 2147483647;
			files = (
			);
			runOnlyForDeploymentPostprocessing = 0;
		};
		94AD13E22F85BAE000ABB20D /* Frameworks */ = {
			isa = PBXFrameworksBuildPhase;
			buildActionMask = 2147483647;
			files = (
			);
			runOnlyForDeploymentPostprocessing = 0;
		};
/* End PBXFrameworksBuildPhase section */

/* Begin PBXGroup section */
		94AD13C12F85BADF00ABB20D = {
			isa = PBXGroup;
			children = (
				94AD13CC2F85BADF00ABB20D /* computacao-para-meninas */,
				94AD13DE2F85BAE000ABB20D /* computacao-para-meninasTests */,
				94AD13E82F85BAE000ABB20D /* computacao-para-meninasUITests */,
				94AD13CB2F85BADF00ABB20D /* Products */,
			);
			sourceTree = "<group>";
		};
		94AD13CB2F85BADF00ABB20D /* Products */ = {
			isa = PBXGroup;
			children = (
				94AD13CA2F85BADF00ABB20D /* computacao-para-meninas.app */,
				94AD13DB2F85BAE000ABB20D /* computacao-para-meninasTests.xctest */,
				94AD13E52F85BAE000ABB20D /* computacao-para-meninasUITests.xctest */,
			);
			name = Products;
			sourceTree = "<group>";
		};
/* End PBXGroup section */

/* Begin PBXNativeTarget section */
		94AD13C92F85BADF00ABB20D /* computacao-para-meninas */ = {
			isa = PBXNativeTarget;
			buildConfigurationList = 94AD13EE2F85BAE000ABB20D /* Build configuration list for PBXNativeTarget "computacao-para-meninas" */;
			buildPhases = (
				94AD13C62F85BADF00ABB20D /* Sources */,
				94AD13C72F85BADF00ABB20D /* Frameworks */,
				94AD13C82F85BADF00ABB20D /* Resources */,
			);
			buildRules = (
			);
			dependencies = (
			);
			fileSystemSynchronizedGroups = (
				94AD13CC2F85BADF00ABB20D /* computacao-para-meninas */,
			);
			name = "computacao-para-meninas";
			packageProductDependencies = (
			);
			productName = "computacao-para-meninas";
			productReference = 94AD13CA2F85BADF00ABB20D /* computacao-para-meninas.app */;
			productType = "com.apple.product-type.application";
		};
		94AD13DA2F85BAE000ABB20D /* computacao-para-meninasTests */ = {
			isa = PBXNativeTarget;
			buildConfigurationList = 94AD13F32F85BAE000ABB20D /* Build configuration list for PBXNativeTarget "computacao-para-meninasTests" */;
			buildPhases = (
				94AD13D72F85BAE000ABB20D /* Sources */,
				94AD13D82F85BAE000ABB20D /* Frameworks */,
				94AD13D92F85BAE000ABB20D /* Resources */,
			);
			buildRules = (
			);
			dependencies = (
				94AD13DD2F85BAE000ABB20D /* PBXTargetDependency */,
			);
			fileSystemSynchronizedGroups = (
				94AD13DE2F85BAE000ABB20D /* computacao-para-meninasTests */,
			);
			name = "computacao-para-meninasTests";
			packageProductDependencies = (
			);
			productName = "computacao-para-meninasTests";
			productReference = 94AD13DB2F85BAE000ABB20D /* computacao-para-meninasTests.xctest */;
			productType = "com.apple.product-type.bundle.unit-test";
		};
		94AD13E42F85BAE000ABB20D /* computacao-para-meninasUITests */ = {
			isa = PBXNativeTarget;
			buildConfigurationList = 94AD13F62F85BAE000ABB20D /* Build configuration list for PBXNativeTarget "computacao-para-meninasUITests" */;
			buildPhases = (
				94AD13E12F85BAE000ABB20D /* Sources */,
				94AD13E22F85BAE000ABB20D /* Frameworks */,
				94AD13E32F85BAE000ABB20D /* Resources */,
			);
			buildRules = (
			);
			dependencies = (
				94AD13E72F85BAE000ABB20D /* PBXTargetDependency */,
			);
			fileSystemSynchronizedGroups = (
				94AD13E82F85BAE000ABB20D /* computacao-para-meninasUITests */,
			);
			name = "computacao-para-meninasUITests";
			packageProductDependencies = (
			);
			productName = "computacao-para-meninasUITests";
			productReference = 94AD13E52F85BAE000ABB20D /* computacao-para-meninasUITests.xctest */;
			productType = "com.apple.product-type.bundle.ui-testing";
		};
/* End PBXNativeTarget section */

/* Begin PBXProject section */
		94AD13C22F85BADF00ABB20D /* Project object */ = {
			isa = PBXProject;
			attributes = {
				BuildIndependentTargetsInParallel = 1;
				LastSwiftUpdateCheck = 2600;
				LastUpgradeCheck = 2600;
				TargetAttributes = {
					94AD13C92F85BADF00ABB20D = {
						CreatedOnToolsVersion = 26.0.1;
					};
					94AD13DA2F85BAE000ABB20D = {
						CreatedOnToolsVersion = 26.0.1;
						TestTargetID = 94AD13C92F85BADF00ABB20D;
					};
					94AD13E42F85BAE000ABB20D = {
						CreatedOnToolsVersion = 26.0.1;
						TestTargetID = 94AD13C92F85BADF00ABB20D;
					};
				};
			};
			buildConfigurationList = 94AD13C52F85BADF00ABB20D /* Build configuration list for PBXProject "computacao-para-meninas" */;
			developmentRegion = en;
			hasScannedForEncodings = 0;
			knownRegions = (
				en,
				Base,
			);
			mainGroup = 94AD13C12F85BADF00ABB20D;
			minimizedProjectReferenceProxies = 1;
			preferredProjectObjectVersion = 77;
			productRefGroup = 94AD13CB2F85BADF00ABB20D /* Products */;
			projectDirPath = "";
			projectRoot = "";
			targets = (
				94AD13C92F85BADF00ABB20D /* computacao-para-meninas */,
				94AD13DA2F85BAE000ABB20D /* computacao-para-meninasTests */,
				94AD13E42F85BAE000ABB20D /* computacao-para-meninasUITests */,
			);
		};
/* End PBXProject section */

/* Begin PBXResourcesBuildPhase section */
		94AD13C82F85BADF00ABB20D /* Resources */ = {
			isa = PBXResourcesBuildPhase;
			buildActionMask = 2147483647;
			files = (
			);
			runOnlyForDeploymentPostprocessing = 0;
		};
		94AD13D92F85BAE000ABB20D /* Resources */ = {
			isa = PBXResourcesBuildPhase;
			buildActionMask = 2147483647;
			files = (
			);
			runOnlyForDeploymentPostprocessing = 0;
		};
		94AD13E32F85BAE000ABB20D /* Resources */ = {
			isa = PBXResourcesBuildPhase;
			buildActionMask = 2147483647;
			files = (
			);
			runOnlyForDeploymentPostprocessing = 0;
		};
/* End PBXResourcesBuildPhase section */

/* Begin PBXSourcesBuildPhase section */
		94AD13C62F85BADF00ABB20D /* Sources */ = {
			isa = PBXSourcesBuildPhase;
			buildActionMask = 2147483647;
			files = (
			);
			runOnlyForDeploymentPostprocessing = 0;
		};
		94AD13D72F85BAE000ABB20D /* Sources */ = {
			isa = PBXSourcesBuildPhase;
			buildActionMask = 2147483647;
			files = (
			);
			runOnlyForDeploymentPostprocessing = 0;
		};
		94AD13E12F85BAE000ABB20D /* Sources */ = {
			isa = PBXSourcesBuildPhase;
			buildActionMask = 2147483647;
			files = (
			);
			runOnlyForDeploymentPostprocessing = 0;
		};
/* End PBXSourcesBuildPhase section */

/* Begin PBXTargetDependency section */
		94AD13DD2F85BAE000ABB20D /* PBXTargetDependency */ = {
			isa = PBXTargetDependency;
			target = 94AD13C92F85BADF00ABB20D /* computacao-para-meninas */;
			targetProxy = 94AD13DC2F85BAE000ABB20D /* PBXContainerItemProxy */;
		};
		94AD13E72F85BAE000ABB20D /* PBXTargetDependency */ = {
			isa = PBXTargetDependency;
			target = 94AD13C92F85BADF00ABB20D /* computacao-para-meninas */;
			targetProxy = 94AD13E62F85BAE000ABB20D /* PBXContainerItemProxy */;
		};
/* End PBXTargetDependency section */

/* Begin XCBuildConfiguration section */
		94AD13EF2F85BAE000ABB20D /* Debug */ = {
			isa = XCBuildConfiguration;
			buildSettings = {
				ASSETCATALOG_COMPILER_APPICON_NAME = AppIcon;
				ASSETCATALOG_COMPILER_GLOBAL_ACCENT_COLOR_NAME = AccentColor;
				CODE_SIGN_ENTITLEMENTS = "computacao-para-meninas/computacao_para_meninas.entitlements";
				CODE_SIGN_STYLE = Automatic;
				CURRENT_PROJECT_VERSION = 1;
				DEVELOPMENT_TEAM = BQ84H65DR2;
				ENABLE_PREVIEWS = YES;
				GENERATE_INFOPLIST_FILE = YES;
				INFOPLIST_FILE = "computacao-para-meninas/Info.plist";
				INFOPLIST_KEY_UIApplicationSceneManifest_Generation = YES;
				INFOPLIST_KEY_UIApplicationSupportsIndirectInputEvents = YES;
				INFOPLIST_KEY_UILaunchScreen_Generation = YES;
				INFOPLIST_KEY_UISupportedInterfaceOrientations_iPad = "UIInterfaceOrientationPortrait UIInterfaceOrientationPortraitUpsideDown UIInterfaceOrientationLandscapeLeft UIInterfaceOrientationLandscapeRight";
				INFOPLIST_KEY_UISupportedInterfaceOrientations_iPhone = "UIInterfaceOrientationPortrait UIInterfaceOrientationLandscapeLeft UIInterfaceOrientationLandscapeRight";
				LD_RUNPATH_SEARCH_PATHS = (
					"$(inherited)",
					"@executable_path/Frameworks",
				);
				MARKETING_VERSION = 1.0;
				PRODUCT_BUNDLE_IDENTIFIER = "meg.computacao-para-meninas";
				PRODUCT_NAME = "$(TARGET_NAME)";
				STRING_CATALOG_GENERATE_SYMBOLS = YES;
				SWIFT_APPROACHABLE_CONCURRENCY = YES;
				SWIFT_DEFAULT_ACTOR_ISOLATION = MainActor;
				SWIFT_EMIT_LOC_STRINGS = YES;
				SWIFT_UPCOMING_FEATURE_MEMBER_IMPORT_VISIBILITY = YES;
				SWIFT_VERSION = 5.0;
				TARGETED_DEVICE_FAMILY = "1,2";
			};
			name = Debug;
		};
		94AD13F02F85BAE000ABB20D /* Release */ = {
			isa = XCBuildConfiguration;
			buildSettings = {
				ASSETCATALOG_COMPILER_APPICON_NAME = AppIcon;
				ASSETCATALOG_COMPILER_GLOBAL_ACCENT_COLOR_NAME = AccentColor;
				CODE_SIGN_ENTITLEMENTS = "computacao-para-meninas/computacao_para_meninas.entitlements";
				CODE_SIGN_STYLE = Automatic;
				CURRENT_PROJECT_VERSION = 1;
				DEVELOPMENT_TEAM = BQ84H65DR2;
				ENABLE_PREVIEWS = YES;
				GENERATE_INFOPLIST_FILE = YES;
				INFOPLIST_FILE = "computacao-para-meninas/Info.plist";
				INFOPLIST_KEY_UIApplicationSceneManifest_Generation = YES;
				INFOPLIST_KEY_UIApplicationSupportsIndirectInputEvents = YES;
				INFOPLIST_KEY_UILaunchScreen_Generation = YES;
				INFOPLIST_KEY_UISupportedInterfaceOrientations_iPad = "UIInterfaceOrientationPortrait UIInterfaceOrientationPortraitUpsideDown UIInterfaceOrientationLandscapeLeft UIInterfaceOrientationLandscapeRight";
				INFOPLIST_KEY_UISupportedInterfaceOrientations_iPhone = "UIInterfaceOrientationPortrait UIInterfaceOrientationLandscapeLeft UIInterfaceOrientationLandscapeRight";
				LD_RUNPATH_SEARCH_PATHS = (
					"$(inherited)",
					"@executable_path/Frameworks",
				);
				MARKETING_VERSION = 1.0;
				PRODUCT_BUNDLE_IDENTIFIER = "meg.computacao-para-meninas";
				PRODUCT_NAME = "$(TARGET_NAME)";
				STRING_CATALOG_GENERATE_SYMBOLS = YES;
				SWIFT_APPROACHABLE_CONCURRENCY = YES;
				SWIFT_DEFAULT_ACTOR_ISOLATION = MainActor;
				SWIFT_EMIT_LOC_STRINGS = YES;
				SWIFT_UPCOMING_FEATURE_MEMBER_IMPORT_VISIBILITY = YES;
				SWIFT_VERSION = 5.0;
				TARGETED_DEVICE_FAMILY = "1,2";
			};
			name = Release;
		};
		94AD13F12F85BAE000ABB20D /* Debug */ = {
			isa = XCBuildConfiguration;
			buildSettings = {
				ALWAYS_SEARCH_USER_PATHS = NO;
				ASSETCATALOG_COMPILER_GENERATE_SWIFT_ASSET_SYMBOL_EXTENSIONS = YES;
				CLANG_ANALYZER_NONNULL = YES;
				CLANG_ANALYZER_NUMBER_OBJECT_CONVERSION = YES_AGGRESSIVE;
				CLANG_CXX_LANGUAGE_STANDARD = "gnu++20";
				CLANG_ENABLE_MODULES = YES;
				CLANG_ENABLE_OBJC_ARC = YES;
				CLANG_ENABLE_OBJC_WEAK = YES;
				CLANG_WARN_BLOCK_CAPTURE_AUTORELEASING = YES;
				CLANG_WARN_BOOL_CONVERSION = YES;
				CLANG_WARN_COMMA = YES;
				CLANG_WARN_CONSTANT_CONVERSION = YES;
				CLANG_WARN_DEPRECATED_OBJC_IMPLEMENTATIONS = YES;
				CLANG_WARN_DIRECT_OBJC_ISA_USAGE = YES_ERROR;
				CLANG_WARN_DOCUMENTATION_COMMENTS = YES;
				CLANG_WARN_EMPTY_BODY = YES;
				CLANG_WARN_ENUM_CONVERSION = YES;
				CLANG_WARN_INFINITE_RECURSION = YES;
				CLANG_WARN_INT_CONVERSION = YES;
				CLANG_WARN_NON_LITERAL_NULL_CONVERSION = YES;
				CLANG_WARN_OBJC_IMPLICIT_RETAIN_SELF = YES;
				CLANG_WARN_OBJC_LITERAL_CONVERSION = YES;
				CLANG_WARN_OBJC_ROOT_CLASS = YES_ERROR;
				CLANG_WARN_QUOTED_INCLUDE_IN_FRAMEWORK_HEADER = YES;
				CLANG_WARN_RANGE_LOOP_ANALYSIS = YES;
				CLANG_WARN_STRICT_PROTOTYPES = YES;
				CLANG_WARN_SUSPICIOUS_MOVE = YES;
				CLANG_WARN_UNGUARDED_AVAILABILITY = YES_AGGRESSIVE;
				CLANG_WARN_UNREACHABLE_CODE = YES;
				CLANG_WARN__DUPLICATE_METHOD_MATCH = YES;
				COPY_PHASE_STRIP = NO;
				DEBUG_INFORMATION_FORMAT = dwarf;
				DEVELOPMENT_TEAM = BQ84H65DR2;
				ENABLE_STRICT_OBJC_MSGSEND = YES;
				ENABLE_TESTABILITY = YES;
				ENABLE_USER_SCRIPT_SANDBOXING = YES;
				GCC_C_LANGUAGE_STANDARD = gnu17;
				GCC_DYNAMIC_NO_PIC = NO;
				GCC_NO_COMMON_BLOCKS = YES;
				GCC_OPTIMIZATION_LEVEL = 0;
				GCC_PREPROCESSOR_DEFINITIONS = (
					"DEBUG=1",
					"$(inherited)",
				);
				GCC_WARN_64_TO_32_BIT_CONVERSION = YES;
				GCC_WARN_ABOUT_RETURN_TYPE = YES_ERROR;
				GCC_WARN_UNDECLARED_SELECTOR = YES;
				GCC_WARN_UNINITIALIZED_AUTOS = YES_AGGRESSIVE;
				GCC_WARN_UNUSED_FUNCTION = YES;
				GCC_WARN_UNUSED_VARIABLE = YES;
				IPHONEOS_DEPLOYMENT_TARGET = 26.0;
				LOCALIZATION_PREFERS_STRING_CATALOGS = YES;
				MTL_ENABLE_DEBUG_INFO = INCLUDE_SOURCE;
				MTL_FAST_MATH = YES;
				ONLY_ACTIVE_ARCH = YES;
				SDKROOT = iphoneos;
				SWIFT_ACTIVE_COMPILATION_CONDITIONS = "DEBUG $(inherited)";
				SWIFT_OPTIMIZATION_LEVEL = "-Onone";
			};
			name = Debug;
		};
		94AD13F22F85BAE000ABB20D /* Release */ = {
			isa = XCBuildConfiguration;
			buildSettings = {
				ALWAYS_SEARCH_USER_PATHS = NO;
				ASSETCATALOG_COMPILER_GENERATE_SWIFT_ASSET_SYMBOL_EXTENSIONS = YES;
				CLANG_ANALYZER_NONNULL = YES;
				CLANG_ANALYZER_NUMBER_OBJECT_CONVERSION = YES_AGGRESSIVE;
				CLANG_CXX_LANGUAGE_STANDARD = "gnu++20";
				CLANG_ENABLE_MODULES = YES;
				CLANG_ENABLE_OBJC_ARC = YES;
				CLANG_ENABLE_OBJC_WEAK = YES;
				CLANG_WARN_BLOCK_CAPTURE_AUTORELEASING = YES;
				CLANG_WARN_BOOL_CONVERSION = YES;
				CLANG_WARN_COMMA = YES;
				CLANG_WARN_CONSTANT_CONVERSION = YES;
				CLANG_WARN_DEPRECATED_OBJC_IMPLEMENTATIONS = YES;
				CLANG_WARN_DIRECT_OBJC_ISA_USAGE = YES_ERROR;
				CLANG_WARN_DOCUMENTATION_COMMENTS = YES;
				CLANG_WARN_EMPTY_BODY = YES;
				CLANG_WARN_ENUM_CONVERSION = YES;
				CLANG_WARN_INFINITE_RECURSION = YES;
				CLANG_WARN_INT_CONVERSION = YES;
				CLANG_WARN_NON_LITERAL_NULL_CONVERSION = YES;
				CLANG_WARN_OBJC_IMPLICIT_RETAIN_SELF = YES;
				CLANG_WARN_OBJC_LITERAL_CONVERSION = YES;
				CLANG_WARN_OBJC_ROOT_CLASS = YES_ERROR;
				CLANG_WARN_QUOTED_INCLUDE_IN_FRAMEWORK_HEADER = YES;
				CLANG_WARN_RANGE_LOOP_ANALYSIS = YES;
				CLANG_WARN_STRICT_PROTOTYPES = YES;
				CLANG_WARN_SUSPICIOUS_MOVE = YES;
				CLANG_WARN_UNGUARDED_AVAILABILITY = YES_AGGRESSIVE;
				CLANG_WARN_UNREACHABLE_CODE = YES;
				CLANG_WARN__DUPLICATE_METHOD_MATCH = YES;
				COPY_PHASE_STRIP = NO;
				DEBUG_INFORMATION_FORMAT = "dwarf-with-dsym";
				DEVELOPMENT_TEAM = BQ84H65DR2;
				ENABLE_NS_ASSERTIONS = NO;
				ENABLE_STRICT_OBJC_MSGSEND = YES;
				ENABLE_USER_SCRIPT_SANDBOXING = YES;
				GCC_C_LANGUAGE_STANDARD = gnu17;
				GCC_NO_COMMON_BLOCKS = YES;
				GCC_WARN_64_TO_32_BIT_CONVERSION = YES;
				GCC_WARN_ABOUT_RETURN_TYPE = YES_ERROR;
				GCC_WARN_UNDECLARED_SELECTOR = YES;
				GCC_WARN_UNINITIALIZED_AUTOS = YES_AGGRESSIVE;
				GCC_WARN_UNUSED_FUNCTION = YES;
				GCC_WARN_UNUSED_VARIABLE = YES;
				IPHONEOS_DEPLOYMENT_TARGET = 26.0;
				LOCALIZATION_PREFERS_STRING_CATALOGS = YES;
				MTL_ENABLE_DEBUG_INFO = NO;
				MTL_FAST_MATH = YES;
				SDKROOT = iphoneos;
				SWIFT_COMPILATION_MODE = wholemodule;
				VALIDATE_PRODUCT = YES;
			};
			name = Release;
		};
		94AD13F42F85BAE000ABB20D /* Debug */ = {
			isa = XCBuildConfiguration;
			buildSettings = {
				BUNDLE_LOADER = "$(TEST_HOST)";
				CODE_SIGN_STYLE = Automatic;
				CURRENT_PROJECT_VERSION = 1;
				DEVELOPMENT_TEAM = BQ84H65DR2;
				GENERATE_INFOPLIST_FILE = YES;
				IPHONEOS_DEPLOYMENT_TARGET = 26.0;
				MARKETING_VERSION = 1.0;
				PRODUCT_BUNDLE_IDENTIFIER = "meg.computacao-para-meninasTests";
				PRODUCT_NAME = "$(TARGET_NAME)";
				STRING_CATALOG_GENERATE_SYMBOLS = NO;
				SWIFT_APPROACHABLE_CONCURRENCY = YES;
				SWIFT_EMIT_LOC_STRINGS = NO;
				SWIFT_UPCOMING_FEATURE_MEMBER_IMPORT_VISIBILITY = YES;
				SWIFT_VERSION = 5.0;
				TARGETED_DEVICE_FAMILY = "1,2";
				TEST_HOST = "$(BUILT_PRODUCTS_DIR)/computacao-para-meninas.app/$(BUNDLE_EXECUTABLE_FOLDER_PATH)/computacao-para-meninas";
			};
			name = Debug;
		};
		94AD13F52F85BAE000ABB20D /* Release */ = {
			isa = XCBuildConfiguration;
			buildSettings = {
				BUNDLE_LOADER = "$(TEST_HOST)";
				CODE_SIGN_STYLE = Automatic;
				CURRENT_PROJECT_VERSION = 1;
				DEVELOPMENT_TEAM = BQ84H65DR2;
				GENERATE_INFOPLIST_FILE = YES;
				IPHONEOS_DEPLOYMENT_TARGET = 26.0;
				MARKETING_VERSION = 1.0;
				PRODUCT_BUNDLE_IDENTIFIER = "meg.computacao-para-meninasTests";
				PRODUCT_NAME = "$(TARGET_NAME)";
				STRING_CATALOG_GENERATE_SYMBOLS = NO;
				SWIFT_APPROACHABLE_CONCURRENCY = YES;
				SWIFT_EMIT_LOC_STRINGS = NO;
				SWIFT_UPCOMING_FEATURE_MEMBER_IMPORT_VISIBILITY = YES;
				SWIFT_VERSION = 5.0;
				TARGETED_DEVICE_FAMILY = "1,2";
				TEST_HOST = "$(BUILT_PRODUCTS_DIR)/computacao-para-meninas.app/$(BUNDLE_EXECUTABLE_FOLDER_PATH)/computacao-para-meninas";
			};
			name = Release;
		};
		94AD13F72F85BAE000ABB20D /* Debug */ = {
			isa = XCBuildConfiguration;
			buildSettings = {
				CODE_SIGN_STYLE = Automatic;
				CURRENT_PROJECT_VERSION = 1;
				DEVELOPMENT_TEAM = BQ84H65DR2;
				GENERATE_INFOPLIST_FILE = YES;
				MARKETING_VERSION = 1.0;
				PRODUCT_BUNDLE_IDENTIFIER = "meg.computacao-para-meninasUITests";
				PRODUCT_NAME = "$(TARGET_NAME)";
				STRING_CATALOG_GENERATE_SYMBOLS = NO;
				SWIFT_APPROACHABLE_CONCURRENCY = YES;
				SWIFT_EMIT_LOC_STRINGS = NO;
				SWIFT_UPCOMING_FEATURE_MEMBER_IMPORT_VISIBILITY = YES;
				SWIFT_VERSION = 5.0;
				TARGETED_DEVICE_FAMILY = "1,2";
				TEST_TARGET_NAME = "computacao-para-meninas";
			};
			name = Debug;
		};
		94AD13F82F85BAE000ABB20D /* Release */ = {
			isa = XCBuildConfiguration;
			buildSettings = {
				CODE_SIGN_STYLE = Automatic;
				CURRENT_PROJECT_VERSION = 1;
				DEVELOPMENT_TEAM = BQ84H65DR2;
				GENERATE_INFOPLIST_FILE = YES;
				MARKETING_VERSION = 1.0;
				PRODUCT_BUNDLE_IDENTIFIER = "meg.computacao-para-meninasUITests";
				PRODUCT_NAME = "$(TARGET_NAME)";
				STRING_CATALOG_GENERATE_SYMBOLS = NO;
				SWIFT_APPROACHABLE_CONCURRENCY = YES;
				SWIFT_EMIT_LOC_STRINGS = NO;
				SWIFT_UPCOMING_FEATURE_MEMBER_IMPORT_VISIBILITY = YES;
				SWIFT_VERSION = 5.0;
				TARGETED_DEVICE_FAMILY = "1,2";
				TEST_TARGET_NAME = "computacao-para-meninas";
			};
			name = Release;
		};
/* End XCBuildConfiguration section */

/* Begin XCConfigurationList section */
		94AD13C52F85BADF00ABB20D /* Build configuration list for PBXProject "computacao-para-meninas" */ = {
			isa = XCConfigurationList;
			buildConfigurations = (
				94AD13F12F85BAE000ABB20D /* Debug */,
				94AD13F22F85BAE000ABB20D /* Release */,
			);
			defaultConfigurationIsVisible = 0;
			defaultConfigurationName = Release;
		};
		94AD13EE2F85BAE000ABB20D /* Build configuration list for PBXNativeTarget "computacao-para-meninas" */ = {
			isa = XCConfigurationList;
			buildConfigurations = (
				94AD13EF2F85BAE000ABB20D /* Debug */,
				94AD13F02F85BAE000ABB20D /* Release */,
			);
			defaultConfigurationIsVisible = 0;
			defaultConfigurationName = Release;
		};
		94AD13F32F85BAE000ABB20D /* Build configuration list for PBXNativeTarget "computacao-para-meninasTests" */ = {
			isa = XCConfigurationList;
			buildConfigurations = (
				94AD13F42F85BAE000ABB20D /* Debug */,
				94AD13F52F85BAE000ABB20D /* Release */,
			);
			defaultConfigurationIsVisible = 0;
			defaultConfigurationName = Release;
		};
		94AD13F62F85BAE000ABB20D /* Build configuration list for PBXNativeTarget "computacao-para-meninasUITests" */ = {
			isa = XCConfigurationList;
			buildConfigurations = (
				94AD13F72F85BAE000ABB20D /* Debug */,
				94AD13F82F85BAE000ABB20D /* Release */,
			);
			defaultConfigurationIsVisible = 0;
			defaultConfigurationName = Release;
		};
/* End XCConfigurationList section */
	};
	rootObject = 94AD13C22F85BADF00ABB20D /* Project object */;
}
